
Microsoft Visual Studio Solution File, Format Version 12.00
# Visual Studio Version 16
VisualStudioVersion = 16.0.30128.74
MinimumVisualStudioVersion = 10.0.40219.1
Project("{FAE04EC0-301F-11D3-BF4B-00C04F79EFBC}") = "UnityEngine.Il2CppImageConversionManager", "UnityEngine.Il2CppImageConversionManager.csproj", "{73108356-C409-4427-8512-2E7C916C14EF}"
EndProject
Global
	GlobalSection(SolutionConfigurationPlatforms) = preSolution
		Debug|Any CPU = Debug|Any CPU
		Release|Any CPU = Release|Any CPU
	EndGlobalSection
	GlobalSection(ProjectConfigurationPlatforms) = postSolution
		{73108356-C409-4427-8512-2E7C916C14EF}.Debug|Any CPU.ActiveCfg = Debug|Any CPU
		{73108356-C409-4427-8512-2E7C916C14EF}.Debug|Any CPU.Build.0 = Debug|Any CPU
		{73108356-C409-4427-8512-2E7C916C14EF}.Release|Any CPU.ActiveCfg = Release|Any CPU
		{73108356-C409-4427-8512-2E7C916C14EF}.Release|Any CPU.Build.0 = Release|Any CPU
	EndGlobalSection
	GlobalSection(SolutionProperties) = preSolution
		HideSolutionNode = FALSE
	EndGlobalSection
	GlobalSection(ExtensibilityGlobals) = postSolution
		SolutionGuid = {3AE735D7-0402-44D9-B374-9028A0C78C5C}
	EndGlobalSection
EndGlobal
